
Microsoft Visual Studio Solution File, Format Version 12.00
# Visual Studio Version 16
VisualStudioVersion = 16.0.30509.190
MinimumVisualStudioVersion = 10.0.40219.1
Project("{FAE04EC0-301F-11D3-BF4B-00C04F79EFBC}") = "SwimlaneSorting", "SwimlaneSorting\SwimlaneSorting.csproj", "{9D034BE2-D199-4F27-BF9E-5307D84B265C}"
EndProject
Global
	GlobalSection(SolutionConfigurationPlatforms) = preSolution
		Debug|Any CPU = Debug|Any CPU
		Release|Any CPU = Release|Any CPU
	EndGlobalSection
	GlobalSection(ProjectConfigurationPlatforms) = postSolution
		{9D034BE2-D199-4F27-BF9E-5307D84B265C}.Debug|Any CPU.ActiveCfg = Debug|Any CPU
		{9D034BE2-D199-4F27-BF9E-5307D84B265C}.Debug|Any CPU.Build.0 = Debug|Any CPU
		{9D034BE2-D199-4F27-BF9E-5307D84B265C}.Release|Any CPU.ActiveCfg = Release|Any CPU
		{9D034BE2-D199-4F27-BF9E-5307D84B265C}.Release|Any CPU.Build.0 = Release|Any CPU
	EndGlobalSection
	GlobalSection(SolutionProperties) = preSolution
		HideSolutionNode = FALSE
	EndGlobalSection
	GlobalSection(ExtensibilityGlobals) = postSolution
		SolutionGuid = {A8C5F700-B94A-4304-8C22-0AED75F390BB}
	EndGlobalSection
EndGlobal
